{
  "lockfileVersion": 1,
  "configVersion": 0,
  "workspaces": {
    "": {
      "name": "androminer-dashboard",
      "dependencies": {
        "@capacitor/android": "^7.4.4",
        "@capacitor/browser": "^7.0.5",
        "@capacitor/clipboard": "^7.0.4",
        "@capacitor/core": "^7.4.4",
        "@capacitor/device": "^7.0.5",
        "@capacitor/filesystem": "^7.1.8",
        "@capacitor/preferences": "^7.0.4",
        "@capacitor/share": "^7.0.4",
        "chart.js": "^4.5.0",
        "material-symbols": "^0.44.8",
        "pinia": "^2.3.0",
        "vue": "^3.5.13",
        "vue-chartjs": "^5.3.2",
      },
      "devDependencies": {
        "@capacitor/cli": "^7.4.4",
        "@vitejs/plugin-vue": "^5.2.1",
        "autoprefixer": "^10.4.20",
        "playwright-core": "^1.60.0",
        "postcss": "^8.4.49",
        "prettier": "^3.8.3",
        "tailwindcss": "^3.4.17",
        "typescript": "^5.7.2",
        "vite": "^6.0.3",
        "vue-tsc": "^2.1.10",
      },
    },
  },
  "packages": {
    "@alloc/quick-lru": ["@alloc/quick-lru@5.2.0", "", {}, ""],

    "@babel/helper-string-parser": ["@babel/helper-string-parser@7.27.1", "", {}, ""],

    "@babel/helper-validator-identifier": ["@babel/helper-validator-identifier@7.28.5", "", {}, ""],

    "@babel/parser": ["@babel/parser@7.29.3", "", { "dependencies": { "@babel/types": "^7.29.0" }, "bin": { "parser": "bin/babel-parser.js" } }, ""],

    "@babel/types": ["@babel/types@7.29.0", "", { "dependencies": { "@babel/helper-string-parser": "^7.27.1", "@babel/helper-validator-identifier": "^7.28.5" } }, ""],

    "@capacitor/android": ["@capacitor/android@7.6.5", "", { "peerDependencies": { "@capacitor/core": "^7.6.0" } }, ""],

    "@capacitor/browser": ["@capacitor/browser@7.0.5", "", { "peerDependencies": { "@capacitor/core": ">=7.0.0" } }, "sha512-YF/kC1m1e6c81X/agtAnYItVlqiQ/nXLG+Q3QXNDuiMoRynqa3Guu8ZaV9kWvqQcHoE2w18xz7WGpPOuh+R1fA=="],

    "@capacitor/cli": ["@capacitor/cli@7.6.5", "", { "dependencies": { "@ionic/cli-framework-output": "^2.2.8", "@ionic/utils-subprocess": "^3.0.1", "@ionic/utils-terminal": "^2.3.5", "commander": "^12.1.0", "debug": "^4.4.0", "env-paths": "^2.2.0", "fs-extra": "^11.2.0", "kleur": "^4.1.5", "native-run": "^2.0.3", "open": "^8.4.0", "plist": "^3.1.0", "prompts": "^2.4.2", "rimraf": "^6.0.1", "semver": "^7.6.3", "tar": "^7.5.3", "tslib": "^2.8.1", "xml2js": "^0.6.2" }, "bin": { "cap": "bin/capacitor", "capacitor": "bin/capacitor" } }, ""],

    "@capacitor/clipboard": ["@capacitor/clipboard@7.0.4", "", { "peerDependencies": { "@capacitor/core": ">=7.0.0" } }, "sha512-+kiTRFjwD5UiWRg/m1JA/0Z0DDdsZLa25MLqI1e3MUi3yNZIwVZV5Oj6v4O0gxmpoBxf5A1L1v3weq+vWOBUuQ=="],

    "@capacitor/core": ["@capacitor/core@7.6.5", "", { "dependencies": { "tslib": "^2.1.0" } }, ""],

    "@capacitor/device": ["@capacitor/device@7.0.5", "", { "peerDependencies": { "@capacitor/core": ">=7.0.0" } }, "sha512-tf6BYeQMBARNLKELQq2RGsvG3z03oM/ga+aqVhvE8M4IM8+h/516eeSz07Eqm4+yySGaQFT+2rIkpJrvA7gaAA=="],

    "@capacitor/filesystem": ["@capacitor/filesystem@7.1.8", "", { "dependencies": { "@capacitor/synapse": "^1.0.3" }, "peerDependencies": { "@capacitor/core": ">=7.0.0" } }, "sha512-Qpw/2SE4/CzqAUvGgSM9hw/uXQ5qoOaF4wxbToXwpAaKPS+tzletS1h5ti3jjLmGcqizTs2sEXMtcsARW/Ceew=="],

    "@capacitor/preferences": ["@capacitor/preferences@7.0.4", "", { "peerDependencies": { "@capacitor/core": ">=7.0.0" } }, "sha512-TJhkwaI2RCs/iDC9PjNczZV4h6JM4gUtTuKMeFdy0OwGgFEHf4TrtW2mFMc1TnPDalYQ91p9NT+UKgiJs9/xtg=="],

    "@capacitor/share": ["@capacitor/share@7.0.4", "", { "peerDependencies": { "@capacitor/core": ">=7.0.0" } }, "sha512-wNXxmXUcChrtbZ5jQv8scFIbIGKo3rk6B7qpWySxfUhYJP5NANgAqQ9Z69m0k/zYsucdh66SBU7XW1ykd9aUug=="],

    "@capacitor/synapse": ["@capacitor/synapse@1.0.4", "", {}, "sha512-/C1FUo8/OkKuAT4nCIu/34ny9siNHr9qtFezu4kxm6GY1wNFxrCFWjfYx5C1tUhVGz3fxBABegupkpjXvjCHrw=="],

    "@esbuild/aix-ppc64": ["@esbuild/aix-ppc64@0.25.12", "", { "os": "aix", "cpu": "ppc64" }, "sha512-Hhmwd6CInZ3dwpuGTF8fJG6yoWmsToE+vYgD4nytZVxcu1ulHpUQRAB1UJ8+N1Am3Mz4+xOByoQoSZf4D+CpkA=="],

    "@esbuild/android-arm": ["@esbuild/android-arm@0.25.12", "", { "os": "android", "cpu": "arm" }, "sha512-VJ+sKvNA/GE7Ccacc9Cha7bpS8nyzVv0jdVgwNDaR4gDMC/2TTRc33Ip8qrNYUcpkOHUT5OZ0bUcNNVZQ9RLlg=="],

    "@esbuild/android-arm64": ["@esbuild/android-arm64@0.25.12", "", { "os": "android", "cpu": "arm64" }, "sha512-6AAmLG7zwD1Z159jCKPvAxZd4y/VTO0VkprYy+3N2FtJ8+BQWFXU+OxARIwA46c5tdD9SsKGZ/1ocqBS/gAKHg=="],

    "@esbuild/android-x64": ["@esbuild/android-x64@0.25.12", "", { "os": "android", "cpu": "x64" }, "sha512-5jbb+2hhDHx5phYR2By8GTWEzn6I9UqR11Kwf22iKbNpYrsmRB18aX/9ivc5cabcUiAT/wM+YIZ6SG9QO6a8kg=="],

    "@esbuild/darwin-arm64": ["@esbuild/darwin-arm64@0.25.12", "", { "os": "darwin", "cpu": "arm64" }, "sha512-N3zl+lxHCifgIlcMUP5016ESkeQjLj/959RxxNYIthIg+CQHInujFuXeWbWMgnTo4cp5XVHqFPmpyu9J65C1Yg=="],

    "@esbuild/darwin-x64": ["@esbuild/darwin-x64@0.25.12", "", { "os": "darwin", "cpu": "x64" }, "sha512-HQ9ka4Kx21qHXwtlTUVbKJOAnmG1ipXhdWTmNXiPzPfWKpXqASVcWdnf2bnL73wgjNrFXAa3yYvBSd9pzfEIpA=="],

    "@esbuild/freebsd-arm64": ["@esbuild/freebsd-arm64@0.25.12", "", { "os": "freebsd", "cpu": "arm64" }, "sha512-gA0Bx759+7Jve03K1S0vkOu5Lg/85dou3EseOGUes8flVOGxbhDDh/iZaoek11Y8mtyKPGF3vP8XhnkDEAmzeg=="],

    "@esbuild/freebsd-x64": ["@esbuild/freebsd-x64@0.25.12", "", { "os": "freebsd", "cpu": "x64" }, "sha512-TGbO26Yw2xsHzxtbVFGEXBFH0FRAP7gtcPE7P5yP7wGy7cXK2oO7RyOhL5NLiqTlBh47XhmIUXuGciXEqYFfBQ=="],

    "@esbuild/linux-arm": ["@esbuild/linux-arm@0.25.12", "", { "os": "linux", "cpu": "arm" }, "sha512-lPDGyC1JPDou8kGcywY0YILzWlhhnRjdof3UlcoqYmS9El818LLfJJc3PXXgZHrHCAKs/Z2SeZtDJr5MrkxtOw=="],

    "@esbuild/linux-arm64": ["@esbuild/linux-arm64@0.25.12", "", { "os": "linux", "cpu": "arm64" }, "sha512-8bwX7a8FghIgrupcxb4aUmYDLp8pX06rGh5HqDT7bB+8Rdells6mHvrFHHW2JAOPZUbnjUpKTLg6ECyzvas2AQ=="],

    "@esbuild/linux-ia32": ["@esbuild/linux-ia32@0.25.12", "", { "os": "linux", "cpu": "ia32" }, "sha512-0y9KrdVnbMM2/vG8KfU0byhUN+EFCny9+8g202gYqSSVMonbsCfLjUO+rCci7pM0WBEtz+oK/PIwHkzxkyharA=="],

    "@esbuild/linux-loong64": ["@esbuild/linux-loong64@0.25.12", "", { "os": "linux", "cpu": "none" }, "sha512-h///Lr5a9rib/v1GGqXVGzjL4TMvVTv+s1DPoxQdz7l/AYv6LDSxdIwzxkrPW438oUXiDtwM10o9PmwS/6Z0Ng=="],

    "@esbuild/linux-mips64el": ["@esbuild/linux-mips64el@0.25.12", "", { "os": "linux", "cpu": "none" }, "sha512-iyRrM1Pzy9GFMDLsXn1iHUm18nhKnNMWscjmp4+hpafcZjrr2WbT//d20xaGljXDBYHqRcl8HnxbX6uaA/eGVw=="],

    "@esbuild/linux-ppc64": ["@esbuild/linux-ppc64@0.25.12", "", { "os": "linux", "cpu": "ppc64" }, "sha512-9meM/lRXxMi5PSUqEXRCtVjEZBGwB7P/D4yT8UG/mwIdze2aV4Vo6U5gD3+RsoHXKkHCfSxZKzmDssVlRj1QQA=="],

    "@esbuild/linux-riscv64": ["@esbuild/linux-riscv64@0.25.12", "", { "os": "linux", "cpu": "none" }, "sha512-Zr7KR4hgKUpWAwb1f3o5ygT04MzqVrGEGXGLnj15YQDJErYu/BGg+wmFlIDOdJp0PmB0lLvxFIOXZgFRrdjR0w=="],

    "@esbuild/linux-s390x": ["@esbuild/linux-s390x@0.25.12", "", { "os": "linux", "cpu": "s390x" }, "sha512-MsKncOcgTNvdtiISc/jZs/Zf8d0cl/t3gYWX8J9ubBnVOwlk65UIEEvgBORTiljloIWnBzLs4qhzPkJcitIzIg=="],

    "@esbuild/linux-x64": ["@esbuild/linux-x64@0.25.12", "", { "os": "linux", "cpu": "x64" }, "sha512-uqZMTLr/zR/ed4jIGnwSLkaHmPjOjJvnm6TVVitAa08SLS9Z0VM8wIRx7gWbJB5/J54YuIMInDquWyYvQLZkgw=="],

    "@esbuild/netbsd-arm64": ["@esbuild/netbsd-arm64@0.25.12", "", { "os": "none", "cpu": "arm64" }, "sha512-xXwcTq4GhRM7J9A8Gv5boanHhRa/Q9KLVmcyXHCTaM4wKfIpWkdXiMog/KsnxzJ0A1+nD+zoecuzqPmCRyBGjg=="],

    "@esbuild/netbsd-x64": ["@esbuild/netbsd-x64@0.25.12", "", { "os": "none", "cpu": "x64" }, "sha512-Ld5pTlzPy3YwGec4OuHh1aCVCRvOXdH8DgRjfDy/oumVovmuSzWfnSJg+VtakB9Cm0gxNO9BzWkj6mtO1FMXkQ=="],

    "@esbuild/openbsd-arm64": ["@esbuild/openbsd-arm64@0.25.12", "", { "os": "openbsd", "cpu": "arm64" }, "sha512-fF96T6KsBo/pkQI950FARU9apGNTSlZGsv1jZBAlcLL1MLjLNIWPBkj5NlSz8aAzYKg+eNqknrUJ24QBybeR5A=="],

    "@esbuild/openbsd-x64": ["@esbuild/openbsd-x64@0.25.12", "", { "os": "openbsd", "cpu": "x64" }, "sha512-MZyXUkZHjQxUvzK7rN8DJ3SRmrVrke8ZyRusHlP+kuwqTcfWLyqMOE3sScPPyeIXN/mDJIfGXvcMqCgYKekoQw=="],

    "@esbuild/openharmony-arm64": ["@esbuild/openharmony-arm64@0.25.12", "", { "os": "none", "cpu": "arm64" }, "sha512-rm0YWsqUSRrjncSXGA7Zv78Nbnw4XL6/dzr20cyrQf7ZmRcsovpcRBdhD43Nuk3y7XIoW2OxMVvwuRvk9XdASg=="],

    "@esbuild/sunos-x64": ["@esbuild/sunos-x64@0.25.12", "", { "os": "sunos", "cpu": "x64" }, "sha512-3wGSCDyuTHQUzt0nV7bocDy72r2lI33QL3gkDNGkod22EsYl04sMf0qLb8luNKTOmgF/eDEDP5BFNwoBKH441w=="],

    "@esbuild/win32-arm64": ["@esbuild/win32-arm64@0.25.12", "", { "os": "win32", "cpu": "arm64" }, "sha512-rMmLrur64A7+DKlnSuwqUdRKyd3UE7oPJZmnljqEptesKM8wx9J8gx5u0+9Pq0fQQW8vqeKebwNXdfOyP+8Bsg=="],

    "@esbuild/win32-ia32": ["@esbuild/win32-ia32@0.25.12", "", { "os": "win32", "cpu": "ia32" }, "sha512-HkqnmmBoCbCwxUKKNPBixiWDGCpQGVsrQfJoVGYLPT41XWF8lHuE5N6WhVia2n4o5QK5M4tYr21827fNhi4byQ=="],

    "@esbuild/win32-x64": ["@esbuild/win32-x64@0.25.12", "", { "os": "win32", "cpu": "x64" }, ""],

    "@ionic/cli-framework-output": ["@ionic/cli-framework-output@2.2.8", "", { "dependencies": { "@ionic/utils-terminal": "2.3.5", "debug": "^4.0.0", "tslib": "^2.0.1" } }, ""],

    "@ionic/utils-array": ["@ionic/utils-array@2.1.6", "", { "dependencies": { "debug": "^4.0.0", "tslib": "^2.0.1" } }, ""],

    "@ionic/utils-fs": ["@ionic/utils-fs@3.1.7", "", { "dependencies": { "@types/fs-extra": "^8.0.0", "debug": "^4.0.0", "fs-extra": "^9.0.0", "tslib": "^2.0.1" } }, ""],

    "@ionic/utils-object": ["@ionic/utils-object@2.1.6", "", { "dependencies": { "debug": "^4.0.0", "tslib": "^2.0.1" } }, ""],

    "@ionic/utils-process": ["@ionic/utils-process@2.1.12", "", { "dependencies": { "@ionic/utils-object": "2.1.6", "@ionic/utils-terminal": "2.3.5", "debug": "^4.0.0", "signal-exit": "^3.0.3", "tree-kill": "^1.2.2", "tslib": "^2.0.1" } }, ""],

    "@ionic/utils-stream": ["@ionic/utils-stream@3.1.7", "", { "dependencies": { "debug": "^4.0.0", "tslib": "^2.0.1" } }, ""],

    "@ionic/utils-subprocess": ["@ionic/utils-subprocess@3.0.1", "", { "dependencies": { "@ionic/utils-array": "2.1.6", "@ionic/utils-fs": "3.1.7", "@ionic/utils-process": "2.1.12", "@ionic/utils-stream": "3.1.7", "@ionic/utils-terminal": "2.3.5", "cross-spawn": "^7.0.3", "debug": "^4.0.0", "tslib": "^2.0.1" } }, ""],

    "@ionic/utils-terminal": ["@ionic/utils-terminal@2.3.5", "", { "dependencies": { "@types/slice-ansi": "^4.0.0", "debug": "^4.0.0", "signal-exit": "^3.0.3", "slice-ansi": "^4.0.0", "string-width": "^4.1.0", "strip-ansi": "^6.0.0", "tslib": "^2.0.1", "untildify": "^4.0.0", "wrap-ansi": "^7.0.0" } }, ""],

    "@isaacs/fs-minipass": ["@isaacs/fs-minipass@4.0.1", "", { "dependencies": { "minipass": "^7.0.4" } }, ""],

    "@jridgewell/gen-mapping": ["@jridgewell/gen-mapping@0.3.13", "", { "dependencies": { "@jridgewell/sourcemap-codec": "^1.5.0", "@jridgewell/trace-mapping": "^0.3.24" } }, ""],

    "@jridgewell/resolve-uri": ["@jridgewell/resolve-uri@3.1.2", "", {}, ""],

    "@jridgewell/sourcemap-codec": ["@jridgewell/sourcemap-codec@1.5.5", "", {}, ""],

    "@jridgewell/trace-mapping": ["@jridgewell/trace-mapping@0.3.31", "", { "dependencies": { "@jridgewell/resolve-uri": "^3.1.0", "@jridgewell/sourcemap-codec": "^1.4.14" } }, ""],

    "@kurkle/color": ["@kurkle/color@0.3.4", "", {}, ""],

    "@nodelib/fs.scandir": ["@nodelib/fs.scandir@2.1.5", "", { "dependencies": { "@nodelib/fs.stat": "2.0.5", "run-parallel": "^1.1.9" } }, ""],

    "@nodelib/fs.stat": ["@nodelib/fs.stat@2.0.5", "", {}, ""],

    "@nodelib/fs.walk": ["@nodelib/fs.walk@1.2.8", "", { "dependencies": { "@nodelib/fs.scandir": "2.1.5", "fastq": "^1.6.0" } }, ""],

    "@rollup/rollup-android-arm-eabi": ["@rollup/rollup-android-arm-eabi@4.60.4", "", { "os": "android", "cpu": "arm" }, "sha512-F5QXMSiFebS9hKZj02XhWLLnRpJ3B3AROP0tWbFBSj+6kCbg5m9j5JoHKd4mmSVy5mS/IMQloYgYxCuJC0fxEQ=="],

    "@rollup/rollup-android-arm64": ["@rollup/rollup-android-arm64@4.60.4", "", { "os": "android", "cpu": "arm64" }, "sha512-GxxTKApUpzRhof7poWvCJHRF51C67u1R7D6DiluBE8wKU1u5GWE8t+v81JvJYtbawoBFX1hLv5Ei4eVjkWokaw=="],

    "@rollup/rollup-darwin-arm64": ["@rollup/rollup-darwin-arm64@4.60.4", "", { "os": "darwin", "cpu": "arm64" }, "sha512-tua0TaJxMOB1R0V0RS1jFZ/RpURFDJIOR2A6jWwQeawuFyS4gBW+rntLRaQd0EQ4bd6Vp44Z2rXW+YYDBsj6IA=="],

    "@rollup/rollup-darwin-x64": ["@rollup/rollup-darwin-x64@4.60.4", "", { "os": "darwin", "cpu": "x64" }, "sha512-CSKq7MsP+5PFIcydhAiR1K0UhEI1A2jWXVKHPCBZ151yOutENwvnPocgVHkivu2kviURtCEB6zUQw0vs8RrhMg=="],

    "@rollup/rollup-freebsd-arm64": ["@rollup/rollup-freebsd-arm64@4.60.4", "", { "os": "freebsd", "cpu": "arm64" }, "sha512-+O8OkVdyvXMtJEciu2wS/pzm1IxntEEQx3z5TAVy4l32G0etZn+RsA48ARRrFm6Ri8fvqPQfgrvNxSjKAbnd3g=="],

    "@rollup/rollup-freebsd-x64": ["@rollup/rollup-freebsd-x64@4.60.4", "", { "os": "freebsd", "cpu": "x64" }, "sha512-Iw3oMskH3AfNuhU0MSN7vNbdi4me/NiYo2azqPz/Le16zHSa+3RRmliCMWWQmh4lcndccU40xcJuTYJZxNo/lw=="],

    "@rollup/rollup-linux-arm-gnueabihf": ["@rollup/rollup-linux-arm-gnueabihf@4.60.4", "", { "os": "linux", "cpu": "arm" }, "sha512-EIPRXTVQpHyF8WOo219AD2yEltPehLTcTMz2fn6JsatLYSzQf00hj3rulF+yauOlF9/FtM2WpkT/hJh/KJFGhA=="],

    "@rollup/rollup-linux-arm-musleabihf": ["@rollup/rollup-linux-arm-musleabihf@4.60.4", "", { "os": "linux", "cpu": "arm" }, "sha512-J3Yh9PzzF1Ovah2At+lHiGQdsYgArxBbXv/zHfSyaiFQEqvNv7DcW98pCrmdjCZBrqBiKrKKe2V+aaSGWuBe/w=="],

    "@rollup/rollup-linux-arm64-gnu": ["@rollup/rollup-linux-arm64-gnu@4.60.4", "", { "os": "linux", "cpu": "arm64" }, "sha512-BFDEZMYfUvLn37ONE1yMBojPxnMlTFsdyNoqncT0qFq1mAfllL+ATMMJd8TeuVMiX84s1KbcxcZbXInmcO2mRg=="],

    "@rollup/rollup-linux-arm64-musl": ["@rollup/rollup-linux-arm64-musl@4.60.4", "", { "os": "linux", "cpu": "arm64" }, "sha512-pc9EYOSlOgdQ2uPl1o9PF6/kLSgaUosia7gOuS8mB69IxJvlclko1MECXysjs5ryez1/5zjYqx3+xYU0TU6R1A=="],

    "@rollup/rollup-linux-loong64-gnu": ["@rollup/rollup-linux-loong64-gnu@4.60.4", "", { "os": "linux", "cpu": "none" }, "sha512-NxnomyxYerDh5n4iLrNa+sH+Z+U4BMEE46V2PgQ/hoB909i8gV1M5wPojWg9fk1jWpO3IQnOs20K4wyZuFLEFQ=="],

    "@rollup/rollup-linux-loong64-musl": ["@rollup/rollup-linux-loong64-musl@4.60.4", "", { "os": "linux", "cpu": "none" }, "sha512-nbJnQ8a3z1mtmrwImCYhc6BGpThAyYVRQxw9uKSKG4wR6aAYno9sVjJ0zaZcW9BPJX1GbrDPf+SvdWjgTuDmnw=="],

    "@rollup/rollup-linux-ppc64-gnu": ["@rollup/rollup-linux-ppc64-gnu@4.60.4", "", { "os": "linux", "cpu": "ppc64" }, "sha512-2EU6acNrQLd8tYvo/LXW535wupT3m6fo7HKo6lr7ktQoItxTyOL1ZCR/GfGCuXl2vR+zmfI6eRXkSemafv+iVg=="],

    "@rollup/rollup-linux-ppc64-musl": ["@rollup/rollup-linux-ppc64-musl@4.60.4", "", { "os": "linux", "cpu": "ppc64" }, "sha512-WeBtoMuaMxiiIrO2IYP3xs6GMWkJP2C0EoT8beTLkUPmzV1i/UcOSVw1d5r9KBODtHKilG5yFxsGRnBbK3wJ4A=="],

    "@rollup/rollup-linux-riscv64-gnu": ["@rollup/rollup-linux-riscv64-gnu@4.60.4", "", { "os": "linux", "cpu": "none" }, "sha512-FJHFfqpKUI3A10WrWKiFbBZ7yVbGT4q4B5o1qKFFojqpaYoh9LrQgqWCmmcxQzVSXYtyB5bzkXrYzlHTs21MYA=="],

    "@rollup/rollup-linux-riscv64-musl": ["@rollup/rollup-linux-riscv64-musl@4.60.4", "", { "os": "linux", "cpu": "none" }, "sha512-mcEl6CUT5IAUmQf1m9FYSmVqCJlpQ8r8eyftFUHG8i9OhY7BkBXSUdnLH5DOf0wCOjcP9v/QO93zpmF1SptCCw=="],

    "@rollup/rollup-linux-s390x-gnu": ["@rollup/rollup-linux-s390x-gnu@4.60.4", "", { "os": "linux", "cpu": "s390x" }, "sha512-ynt3JxVd2w2buzoKDWIyiV1pJW93xlQic1THVLXilz429oijRpSHivZAgp65KBu+cMcgf1eVVjdnTLvPxgCuoQ=="],

    "@rollup/rollup-linux-x64-gnu": ["@rollup/rollup-linux-x64-gnu@4.60.4", "", { "os": "linux", "cpu": "x64" }, "sha512-Boiz5+MsaROEWDf+GGEwF8VMHGhlUoQMtIPjOgA5fv4osupqTVnJteQNKJwUcnUog2G55jYXH7KZFFiJe0TEzQ=="],

    "@rollup/rollup-linux-x64-musl": ["@rollup/rollup-linux-x64-musl@4.60.4", "", { "os": "linux", "cpu": "x64" }, "sha512-+qfSY27qIrFfI/Hom04KYFw3GKZSGU4lXus51wsb5EuySfFlWRwjkKWoE9emgRw/ukoT4Udsj4W/+xxG8VbPKg=="],

    "@rollup/rollup-openbsd-x64": ["@rollup/rollup-openbsd-x64@4.60.4", "", { "os": "openbsd", "cpu": "x64" }, "sha512-VpTfOPHgVXEBeeR8hZ2O0F3aSso+JDWqTWmTmzcQKted54IAdUVbxE+j/MVxUsKa8L20HJhv3vUezVPoquqWjA=="],

    "@rollup/rollup-openharmony-arm64": ["@rollup/rollup-openharmony-arm64@4.60.4", "", { "os": "none", "cpu": "arm64" }, "sha512-IPOsh5aRYuLv/nkU51X10Bf75Bsf6+gZdx1X+QP5QM6lIJFHHqbHLG0uJn/hWthzo13UAc2umiUorqZy3axoZg=="],

    "@rollup/rollup-win32-arm64-msvc": ["@rollup/rollup-win32-arm64-msvc@4.60.4", "", { "os": "win32", "cpu": "arm64" }, "sha512-4QzE9E81OohJ/HKzHhsqU+zcYYojVOXlFMs1DdyMT6qXl/niOH7AVElmmEdUNHHS/oRkc++d5k6Vy85zFs0DEw=="],

    "@rollup/rollup-win32-ia32-msvc": ["@rollup/rollup-win32-ia32-msvc@4.60.4", "", { "os": "win32", "cpu": "ia32" }, "sha512-zTPgT1YuHHcd+Tmx7h8aml0FWFVelV5N54oHow9SLj+GfoDy/huQ+UV396N/C7KpMDMiPspRktzM1/0r1usYEA=="],

    "@rollup/rollup-win32-x64-gnu": ["@rollup/rollup-win32-x64-gnu@4.60.4", "", { "os": "win32", "cpu": "x64" }, ""],

    "@rollup/rollup-win32-x64-msvc": ["@rollup/rollup-win32-x64-msvc@4.60.4", "", { "os": "win32", "cpu": "x64" }, ""],

    "@types/estree": ["@types/estree@1.0.8", "", {}, ""],

    "@types/fs-extra": ["@types/fs-extra@8.1.5", "", { "dependencies": { "@types/node": "*" } }, ""],

    "@types/node": ["@types/node@25.9.1", "", { "dependencies": { "undici-types": ">=7.24.0 <7.24.7" } }, ""],

    "@types/slice-ansi": ["@types/slice-ansi@4.0.0", "", {}, ""],

    "@vitejs/plugin-vue": ["@vitejs/plugin-vue@5.2.4", "", { "peerDependencies": { "vite": "^5.0.0 || ^6.0.0", "vue": "^3.2.25" } }, ""],

    "@volar/language-core": ["@volar/language-core@2.4.15", "", { "dependencies": { "@volar/source-map": "2.4.15" } }, ""],

    "@volar/source-map": ["@volar/source-map@2.4.15", "", {}, ""],

    "@volar/typescript": ["@volar/typescript@2.4.15", "", { "dependencies": { "@volar/language-core": "2.4.15", "path-browserify": "^1.0.1", "vscode-uri": "^3.0.8" } }, ""],

    "@vue/compiler-core": ["@vue/compiler-core@3.5.34", "", { "dependencies": { "@babel/parser": "^7.29.3", "@vue/shared": "3.5.34", "entities": "^7.0.1", "estree-walker": "^2.0.2", "source-map-js": "^1.2.1" } }, ""],

    "@vue/compiler-dom": ["@vue/compiler-dom@3.5.34", "", { "dependencies": { "@vue/compiler-core": "3.5.34", "@vue/shared": "3.5.34" } }, ""],

    "@vue/compiler-sfc": ["@vue/compiler-sfc@3.5.34", "", { "dependencies": { "@babel/parser": "^7.29.3", "@vue/compiler-core": "3.5.34", "@vue/compiler-dom": "3.5.34", "@vue/compiler-ssr": "3.5.34", "@vue/shared": "3.5.34", "estree-walker": "^2.0.2", "magic-string": "^0.30.21", "postcss": "^8.5.14", "source-map-js": "^1.2.1" } }, ""],

    "@vue/compiler-ssr": ["@vue/compiler-ssr@3.5.34", "", { "dependencies": { "@vue/compiler-dom": "3.5.34", "@vue/shared": "3.5.34" } }, ""],

    "@vue/compiler-vue2": ["@vue/compiler-vue2@2.7.16", "", { "dependencies": { "de-indent": "^1.0.2", "he": "^1.2.0" } }, ""],

    "@vue/devtools-api": ["@vue/devtools-api@6.6.4", "", {}, ""],

    "@vue/language-core": ["@vue/language-core@2.2.12", "", { "dependencies": { "@volar/language-core": "2.4.15", "@vue/compiler-dom": "^3.5.0", "@vue/compiler-vue2": "^2.7.16", "@vue/shared": "^3.5.0", "alien-signals": "^1.0.3", "minimatch": "^9.0.3", "muggle-string": "^0.4.1", "path-browserify": "^1.0.1" }, "peerDependencies": { "typescript": "*" } }, ""],

    "@vue/reactivity": ["@vue/reactivity@3.5.34", "", { "dependencies": { "@vue/shared": "3.5.34" } }, ""],

    "@vue/runtime-core": ["@vue/runtime-core@3.5.34", "", { "dependencies": { "@vue/reactivity": "3.5.34", "@vue/shared": "3.5.34" } }, ""],

    "@vue/runtime-dom": ["@vue/runtime-dom@3.5.34", "", { "dependencies": { "@vue/reactivity": "3.5.34", "@vue/runtime-core": "3.5.34", "@vue/shared": "3.5.34", "csstype": "^3.2.3" } }, ""],

    "@vue/server-renderer": ["@vue/server-renderer@3.5.34", "", { "dependencies": { "@vue/compiler-ssr": "3.5.34", "@vue/shared": "3.5.34" }, "peerDependencies": { "vue": "3.5.34" } }, ""],

    "@vue/shared": ["@vue/shared@3.5.34", "", {}, ""],

    "@xmldom/xmldom": ["@xmldom/xmldom@0.9.10", "", {}, ""],

    "alien-signals": ["alien-signals@1.0.13", "", {}, ""],

    "ansi-regex": ["ansi-regex@5.0.1", "", {}, ""],

    "ansi-styles": ["ansi-styles@4.3.0", "", { "dependencies": { "color-convert": "^2.0.1" } }, ""],

    "any-promise": ["any-promise@1.3.0", "", {}, ""],

    "anymatch": ["anymatch@3.1.3", "", { "dependencies": { "normalize-path": "^3.0.0", "picomatch": "^2.0.4" } }, ""],

    "arg": ["arg@5.0.2", "", {}, ""],

    "astral-regex": ["astral-regex@2.0.0", "", {}, ""],

    "at-least-node": ["at-least-node@1.0.0", "", {}, ""],

    "autoprefixer": ["autoprefixer@10.5.0", "", { "dependencies": { "browserslist": "^4.28.2", "caniuse-lite": "^1.0.30001787", "fraction.js": "^5.3.4", "picocolors": "^1.1.1", "postcss-value-parser": "^4.2.0" }, "peerDependencies": { "postcss": "^8.1.0" }, "bin": "bin/autoprefixer" }, ""],

    "balanced-match": ["balanced-match@1.0.2", "", {}, ""],

    "base64-js": ["base64-js@1.5.1", "", {}, ""],

    "baseline-browser-mapping": ["baseline-browser-mapping@2.10.31", "", { "bin": "dist/cli.cjs" }, ""],

    "big-integer": ["big-integer@1.6.52", "", {}, ""],

    "binary-extensions": ["binary-extensions@2.3.0", "", {}, ""],

    "bplist-parser": ["bplist-parser@0.3.2", "", { "dependencies": { "big-integer": "1.6.x" } }, ""],

    "brace-expansion": ["brace-expansion@2.1.0", "", { "dependencies": { "balanced-match": "^1.0.0" } }, ""],

    "braces": ["braces@3.0.3", "", { "dependencies": { "fill-range": "^7.1.1" } }, ""],

    "browserslist": ["browserslist@4.28.2", "", { "dependencies": { "baseline-browser-mapping": "^2.10.12", "caniuse-lite": "^1.0.30001782", "electron-to-chromium": "^1.5.328", "node-releases": "^2.0.36", "update-browserslist-db": "^1.2.3" }, "bin": "cli.js" }, ""],

    "buffer-crc32": ["buffer-crc32@0.2.13", "", {}, ""],

    "camelcase-css": ["camelcase-css@2.0.1", "", {}, ""],

    "caniuse-lite": ["caniuse-lite@1.0.30001793", "", {}, ""],

    "chart.js": ["chart.js@4.5.1", "", { "dependencies": { "@kurkle/color": "^0.3.0" } }, ""],

    "chokidar": ["chokidar@3.6.0", "", { "dependencies": { "anymatch": "~3.1.2", "braces": "~3.0.2", "glob-parent": "~5.1.2", "is-binary-path": "~2.1.0", "is-glob": "~4.0.1", "normalize-path": "~3.0.0", "readdirp": "~3.6.0" }, "optionalDependencies": { "fsevents": "~2.3.2" } }, ""],

    "chownr": ["chownr@3.0.0", "", {}, ""],

    "color-convert": ["color-convert@2.0.1", "", { "dependencies": { "color-name": "~1.1.4" } }, ""],

    "color-name": ["color-name@1.1.4", "", {}, ""],

    "commander": ["commander@12.1.0", "", {}, ""],

    "cross-spawn": ["cross-spawn@7.0.6", "", { "dependencies": { "path-key": "^3.1.0", "shebang-command": "^2.0.0", "which": "^2.0.1" } }, ""],

    "cssesc": ["cssesc@3.0.0", "", { "bin": "bin/cssesc" }, ""],

    "csstype": ["csstype@3.2.3", "", {}, ""],

    "de-indent": ["de-indent@1.0.2", "", {}, ""],

    "debug": ["debug@4.4.3", "", { "dependencies": { "ms": "^2.1.3" } }, ""],

    "define-lazy-prop": ["define-lazy-prop@2.0.0", "", {}, ""],

    "didyoumean": ["didyoumean@1.2.2", "", {}, ""],

    "dlv": ["dlv@1.1.3", "", {}, ""],

    "electron-to-chromium": ["electron-to-chromium@1.5.360", "", {}, ""],

    "elementtree": ["elementtree@0.1.7", "", { "dependencies": { "sax": "1.1.4" } }, ""],

    "emoji-regex": ["emoji-regex@8.0.0", "", {}, ""],

    "entities": ["entities@7.0.1", "", {}, ""],

    "env-paths": ["env-paths@2.2.1", "", {}, ""],

    "es-errors": ["es-errors@1.3.0", "", {}, ""],

    "esbuild": ["esbuild@0.25.12", "", { "optionalDependencies": { "@esbuild/aix-ppc64": "0.25.12", "@esbuild/android-arm": "0.25.12", "@esbuild/android-arm64": "0.25.12", "@esbuild/android-x64": "0.25.12", "@esbuild/darwin-arm64": "0.25.12", "@esbuild/darwin-x64": "0.25.12", "@esbuild/freebsd-arm64": "0.25.12", "@esbuild/freebsd-x64": "0.25.12", "@esbuild/linux-arm": "0.25.12", "@esbuild/linux-arm64": "0.25.12", "@esbuild/linux-ia32": "0.25.12", "@esbuild/linux-loong64": "0.25.12", "@esbuild/linux-mips64el": "0.25.12", "@esbuild/linux-ppc64": "0.25.12", "@esbuild/linux-riscv64": "0.25.12", "@esbuild/linux-s390x": "0.25.12", "@esbuild/linux-x64": "0.25.12", "@esbuild/netbsd-arm64": "0.25.12", "@esbuild/netbsd-x64": "0.25.12", "@esbuild/openbsd-arm64": "0.25.12", "@esbuild/openbsd-x64": "0.25.12", "@esbuild/openharmony-arm64": "0.25.12", "@esbuild/sunos-x64": "0.25.12", "@esbuild/win32-arm64": "0.25.12", "@esbuild/win32-ia32": "0.25.12", "@esbuild/win32-x64": "0.25.12" }, "bin": "bin/esbuild" }, ""],

    "escalade": ["escalade@3.2.0", "", {}, ""],

    "estree-walker": ["estree-walker@2.0.2", "", {}, ""],

    "fast-glob": ["fast-glob@3.3.3", "", { "dependencies": { "@nodelib/fs.stat": "^2.0.2", "@nodelib/fs.walk": "^1.2.3", "glob-parent": "^5.1.2", "merge2": "^1.3.0", "micromatch": "^4.0.8" } }, ""],

    "fastq": ["fastq@1.20.1", "", { "dependencies": { "reusify": "^1.0.4" } }, ""],

    "fd-slicer": ["fd-slicer@1.1.0", "", { "dependencies": { "pend": "~1.2.0" } }, ""],

    "fdir": ["fdir@6.5.0", "", { "peerDependencies": { "picomatch": "^3 || ^4" } }, ""],

    "fill-range": ["fill-range@7.1.1", "", { "dependencies": { "to-regex-range": "^5.0.1" } }, ""],

    "fraction.js": ["fraction.js@5.3.4", "", {}, ""],

    "fs-extra": ["fs-extra@11.3.5", "", { "dependencies": { "graceful-fs": "^4.2.0", "jsonfile": "^6.0.1", "universalify": "^2.0.0" } }, ""],

    "fsevents": ["fsevents@2.3.3", "", { "os": "darwin" }, "sha512-5xoDfX+fL7faATnagmWPpbFtwh/R77WmMMqqHGS65C3vvB0YHrgF+B1YmZ3441tMj5n63k0212XNoJwzlhffQw=="],

    "function-bind": ["function-bind@1.1.2", "", {}, ""],

    "glob": ["glob@13.0.6", "", { "dependencies": { "minimatch": "^10.2.2", "minipass": "^7.1.3", "path-scurry": "^2.0.2" } }, ""],

    "glob-parent": ["glob-parent@6.0.2", "", { "dependencies": { "is-glob": "^4.0.3" } }, ""],

    "graceful-fs": ["graceful-fs@4.2.11", "", {}, ""],

    "hasown": ["hasown@2.0.3", "", { "dependencies": { "function-bind": "^1.1.2" } }, ""],

    "he": ["he@1.2.0", "", { "bin": "bin/he" }, ""],

    "inherits": ["inherits@2.0.4", "", {}, ""],

    "ini": ["ini@4.1.3", "", {}, ""],

    "is-binary-path": ["is-binary-path@2.1.0", "", { "dependencies": { "binary-extensions": "^2.0.0" } }, ""],

    "is-core-module": ["is-core-module@2.16.2", "", { "dependencies": { "hasown": "^2.0.3" } }, ""],

    "is-docker": ["is-docker@2.2.1", "", { "bin": "cli.js" }, ""],

    "is-extglob": ["is-extglob@2.1.1", "", {}, ""],

    "is-fullwidth-code-point": ["is-fullwidth-code-point@3.0.0", "", {}, ""],

    "is-glob": ["is-glob@4.0.3", "", { "dependencies": { "is-extglob": "^2.1.1" } }, ""],

    "is-number": ["is-number@7.0.0", "", {}, ""],

    "is-wsl": ["is-wsl@2.2.0", "", { "dependencies": { "is-docker": "^2.0.0" } }, ""],

    "isexe": ["isexe@2.0.0", "", {}, ""],

    "jiti": ["jiti@1.21.7", "", { "bin": "bin/jiti.js" }, ""],

    "jsonfile": ["jsonfile@6.2.1", "", { "dependencies": { "universalify": "^2.0.0" }, "optionalDependencies": { "graceful-fs": "^4.1.6" } }, ""],

    "kleur": ["kleur@4.1.5", "", {}, ""],

    "lilconfig": ["lilconfig@3.1.3", "", {}, ""],

    "lines-and-columns": ["lines-and-columns@1.2.4", "", {}, ""],

    "lru-cache": ["lru-cache@11.5.0", "", {}, ""],

    "magic-string": ["magic-string@0.30.21", "", { "dependencies": { "@jridgewell/sourcemap-codec": "^1.5.5" } }, ""],

    "material-symbols": ["material-symbols@0.44.8", "", {}, "sha512-drWG88gPlJXmvQrpSc3zKxjzysuvD7ayoGDJecUTr5tt0l4URh3XhDqKjKjCC773oYfTi39ljEzk+CZ6ereikg=="],

    "merge2": ["merge2@1.4.1", "", {}, ""],

    "micromatch": ["micromatch@4.0.8", "", { "dependencies": { "braces": "^3.0.3", "picomatch": "^2.3.1" } }, ""],

    "minimatch": ["minimatch@9.0.9", "", { "dependencies": { "brace-expansion": "^2.0.2" } }, ""],

    "minipass": ["minipass@7.1.3", "", {}, ""],

    "minizlib": ["minizlib@3.1.0", "", { "dependencies": { "minipass": "^7.1.2" } }, ""],

    "ms": ["ms@2.1.3", "", {}, ""],

    "muggle-string": ["muggle-string@0.4.1", "", {}, ""],

    "mz": ["mz@2.7.0", "", { "dependencies": { "any-promise": "^1.0.0", "object-assign": "^4.0.1", "thenify-all": "^1.0.0" } }, ""],

    "nanoid": ["nanoid@3.3.12", "", { "bin": "bin/nanoid.cjs" }, ""],

    "native-run": ["native-run@2.0.3", "", { "dependencies": { "@ionic/utils-fs": "^3.1.7", "@ionic/utils-terminal": "^2.3.4", "bplist-parser": "^0.3.2", "debug": "^4.3.4", "elementtree": "^0.1.7", "ini": "^4.1.1", "plist": "^3.1.0", "split2": "^4.2.0", "through2": "^4.0.2", "tslib": "^2.6.2", "yauzl": "^2.10.0" }, "bin": "bin/native-run" }, ""],

    "node-releases": ["node-releases@2.0.45", "", {}, ""],

    "normalize-path": ["normalize-path@3.0.0", "", {}, ""],

    "object-assign": ["object-assign@4.1.1", "", {}, ""],

    "object-hash": ["object-hash@3.0.0", "", {}, ""],

    "open": ["open@8.4.2", "", { "dependencies": { "define-lazy-prop": "^2.0.0", "is-docker": "^2.1.1", "is-wsl": "^2.2.0" } }, ""],

    "package-json-from-dist": ["package-json-from-dist@1.0.1", "", {}, ""],

    "path-browserify": ["path-browserify@1.0.1", "", {}, ""],

    "path-key": ["path-key@3.1.1", "", {}, ""],

    "path-parse": ["path-parse@1.0.7", "", {}, ""],

    "path-scurry": ["path-scurry@2.0.2", "", { "dependencies": { "lru-cache": "^11.0.0", "minipass": "^7.1.2" } }, ""],

    "pend": ["pend@1.2.0", "", {}, ""],

    "picocolors": ["picocolors@1.1.1", "", {}, ""],

    "picomatch": ["picomatch@4.0.4", "", {}, ""],

    "pify": ["pify@2.3.0", "", {}, ""],

    "pinia": ["pinia@2.3.1", "", { "dependencies": { "@vue/devtools-api": "^6.6.3", "vue-demi": "^0.14.10" }, "peerDependencies": { "typescript": ">=4.4.4", "vue": "^2.7.0 || ^3.5.11" } }, ""],

    "pirates": ["pirates@4.0.7", "", {}, ""],

    "playwright-core": ["playwright-core@1.60.0", "", { "bin": "cli.js" }, "sha512-9bW6zvX/m0lEbgTKJ6YppOKx8H3VOPBMOCFh2irXFOT4BbHgrx5hPjwJYLT40Lu+4qtD36qKc/Hn56StUW57IA=="],

    "plist": ["plist@3.1.1", "", { "dependencies": { "@xmldom/xmldom": "^0.9.10", "base64-js": "^1.5.1", "xmlbuilder": "^15.1.1" } }, ""],

    "postcss": ["postcss@8.5.15", "", { "dependencies": { "nanoid": "^3.3.12", "picocolors": "^1.1.1", "source-map-js": "^1.2.1" } }, ""],

    "postcss-import": ["postcss-import@15.1.0", "", { "dependencies": { "postcss-value-parser": "^4.0.0", "read-cache": "^1.0.0", "resolve": "^1.1.7" }, "peerDependencies": { "postcss": "^8.0.0" } }, ""],

    "postcss-js": ["postcss-js@4.1.0", "", { "dependencies": { "camelcase-css": "^2.0.1" }, "peerDependencies": { "postcss": "^8.4.21" } }, ""],

    "postcss-load-config": ["postcss-load-config@6.0.1", "", { "dependencies": { "lilconfig": "^3.1.1" }, "peerDependencies": { "jiti": ">=1.21.0", "postcss": ">=8.0.9", "tsx": "^4.8.1", "yaml": "^2.4.2" }, "optionalPeers": ["tsx", "yaml"] }, ""],

    "postcss-nested": ["postcss-nested@6.2.0", "", { "dependencies": { "postcss-selector-parser": "^6.1.1" }, "peerDependencies": { "postcss": "^8.2.14" } }, ""],

    "postcss-selector-parser": ["postcss-selector-parser@6.1.2", "", { "dependencies": { "cssesc": "^3.0.0", "util-deprecate": "^1.0.2" } }, ""],

    "postcss-value-parser": ["postcss-value-parser@4.2.0", "", {}, ""],

    "prettier": ["prettier@3.8.3", "", { "bin": "bin/prettier.cjs" }, "sha512-7igPTM53cGHMW8xWuVTydi2KO233VFiTNyF5hLJqpilHfmn8C8gPf+PS7dUT64YcXFbiMGZxS9pCSxL/Dxm/Jw=="],

    "prompts": ["prompts@2.4.2", "", { "dependencies": { "kleur": "^3.0.3", "sisteransi": "^1.0.5" } }, ""],

    "queue-microtask": ["queue-microtask@1.2.3", "", {}, ""],

    "read-cache": ["read-cache@1.0.0", "", { "dependencies": { "pify": "^2.3.0" } }, ""],

    "readable-stream": ["readable-stream@3.6.2", "", { "dependencies": { "inherits": "^2.0.3", "string_decoder": "^1.1.1", "util-deprecate": "^1.0.1" } }, ""],

    "readdirp": ["readdirp@3.6.0", "", { "dependencies": { "picomatch": "^2.2.1" } }, ""],

    "resolve": ["resolve@1.22.12", "", { "dependencies": { "es-errors": "^1.3.0", "is-core-module": "^2.16.1", "path-parse": "^1.0.7", "supports-preserve-symlinks-flag": "^1.0.0" }, "bin": "bin/resolve" }, ""],

    "reusify": ["reusify@1.1.0", "", {}, ""],

    "rimraf": ["rimraf@6.1.3", "", { "dependencies": { "glob": "^13.0.3", "package-json-from-dist": "^1.0.1" }, "bin": "dist/esm/bin.mjs" }, ""],

    "rollup": ["rollup@4.60.4", "", { "dependencies": { "@types/estree": "1.0.8" }, "optionalDependencies": { "@rollup/rollup-android-arm-eabi": "4.60.4", "@rollup/rollup-android-arm64": "4.60.4", "@rollup/rollup-darwin-arm64": "4.60.4", "@rollup/rollup-darwin-x64": "4.60.4", "@rollup/rollup-freebsd-arm64": "4.60.4", "@rollup/rollup-freebsd-x64": "4.60.4", "@rollup/rollup-linux-arm-gnueabihf": "4.60.4", "@rollup/rollup-linux-arm-musleabihf": "4.60.4", "@rollup/rollup-linux-arm64-gnu": "4.60.4", "@rollup/rollup-linux-arm64-musl": "4.60.4", "@rollup/rollup-linux-loong64-gnu": "4.60.4", "@rollup/rollup-linux-loong64-musl": "4.60.4", "@rollup/rollup-linux-ppc64-gnu": "4.60.4", "@rollup/rollup-linux-ppc64-musl": "4.60.4", "@rollup/rollup-linux-riscv64-gnu": "4.60.4", "@rollup/rollup-linux-riscv64-musl": "4.60.4", "@rollup/rollup-linux-s390x-gnu": "4.60.4", "@rollup/rollup-linux-x64-gnu": "4.60.4", "@rollup/rollup-linux-x64-musl": "4.60.4", "@rollup/rollup-openbsd-x64": "4.60.4", "@rollup/rollup-openharmony-arm64": "4.60.4", "@rollup/rollup-win32-arm64-msvc": "4.60.4", "@rollup/rollup-win32-ia32-msvc": "4.60.4", "@rollup/rollup-win32-x64-gnu": "4.60.4", "@rollup/rollup-win32-x64-msvc": "4.60.4", "fsevents": "~2.3.2" }, "bin": "dist/bin/rollup" }, ""],

    "run-parallel": ["run-parallel@1.2.0", "", { "dependencies": { "queue-microtask": "^1.2.2" } }, ""],

    "safe-buffer": ["safe-buffer@5.2.1", "", {}, ""],

    "sax": ["sax@1.6.0", "", {}, ""],

    "semver": ["semver@7.8.1", "", { "bin": "bin/semver.js" }, ""],

    "shebang-command": ["shebang-command@2.0.0", "", { "dependencies": { "shebang-regex": "^3.0.0" } }, ""],

    "shebang-regex": ["shebang-regex@3.0.0", "", {}, ""],

    "signal-exit": ["signal-exit@3.0.7", "", {}, ""],

    "sisteransi": ["sisteransi@1.0.5", "", {}, ""],

    "slice-ansi": ["slice-ansi@4.0.0", "", { "dependencies": { "ansi-styles": "^4.0.0", "astral-regex": "^2.0.0", "is-fullwidth-code-point": "^3.0.0" } }, ""],

    "source-map-js": ["source-map-js@1.2.1", "", {}, ""],

    "split2": ["split2@4.2.0", "", {}, ""],

    "string-width": ["string-width@4.2.3", "", { "dependencies": { "emoji-regex": "^8.0.0", "is-fullwidth-code-point": "^3.0.0", "strip-ansi": "^6.0.1" } }, ""],

    "string_decoder": ["string_decoder@1.3.0", "", { "dependencies": { "safe-buffer": "~5.2.0" } }, ""],

    "strip-ansi": ["strip-ansi@6.0.1", "", { "dependencies": { "ansi-regex": "^5.0.1" } }, ""],

    "sucrase": ["sucrase@3.35.1", "", { "dependencies": { "@jridgewell/gen-mapping": "^0.3.2", "commander": "^4.0.0", "lines-and-columns": "^1.1.6", "mz": "^2.7.0", "pirates": "^4.0.1", "tinyglobby": "^0.2.11", "ts-interface-checker": "^0.1.9" }, "bin": { "sucrase": "bin/sucrase", "sucrase-node": "bin/sucrase-node" } }, ""],

    "supports-preserve-symlinks-flag": ["supports-preserve-symlinks-flag@1.0.0", "", {}, ""],

    "tailwindcss": ["tailwindcss@3.4.19", "", { "dependencies": { "@alloc/quick-lru": "^5.2.0", "arg": "^5.0.2", "chokidar": "^3.6.0", "didyoumean": "^1.2.2", "dlv": "^1.1.3", "fast-glob": "^3.3.2", "glob-parent": "^6.0.2", "is-glob": "^4.0.3", "jiti": "^1.21.7", "lilconfig": "^3.1.3", "micromatch": "^4.0.8", "normalize-path": "^3.0.0", "object-hash": "^3.0.0", "picocolors": "^1.1.1", "postcss": "^8.4.47", "postcss-import": "^15.1.0", "postcss-js": "^4.0.1", "postcss-load-config": "^4.0.2 || ^5.0 || ^6.0", "postcss-nested": "^6.2.0", "postcss-selector-parser": "^6.1.2", "resolve": "^1.22.8", "sucrase": "^3.35.0" }, "bin": { "tailwind": "lib/cli.js", "tailwindcss": "lib/cli.js" } }, ""],

    "tar": ["tar@7.5.15", "", { "dependencies": { "@isaacs/fs-minipass": "^4.0.0", "chownr": "^3.0.0", "minipass": "^7.1.2", "minizlib": "^3.1.0", "yallist": "^5.0.0" } }, ""],

    "thenify": ["thenify@3.3.1", "", { "dependencies": { "any-promise": "^1.0.0" } }, ""],

    "thenify-all": ["thenify-all@1.6.0", "", { "dependencies": { "thenify": ">= 3.1.0 < 4" } }, ""],

    "through2": ["through2@4.0.2", "", { "dependencies": { "readable-stream": "3" } }, ""],

    "tinyglobby": ["tinyglobby@0.2.16", "", { "dependencies": { "fdir": "^6.5.0", "picomatch": "^4.0.4" } }, ""],

    "to-regex-range": ["to-regex-range@5.0.1", "", { "dependencies": { "is-number": "^7.0.0" } }, ""],

    "tree-kill": ["tree-kill@1.2.2", "", { "bin": "cli.js" }, ""],

    "ts-interface-checker": ["ts-interface-checker@0.1.13", "", {}, ""],

    "tslib": ["tslib@2.8.1", "", {}, ""],

    "typescript": ["typescript@5.9.3", "", { "bin": { "tsc": "bin/tsc", "tsserver": "bin/tsserver" } }, ""],

    "undici-types": ["undici-types@7.24.6", "", {}, ""],

    "universalify": ["universalify@2.0.1", "", {}, ""],

    "untildify": ["untildify@4.0.0", "", {}, ""],

    "update-browserslist-db": ["update-browserslist-db@1.2.3", "", { "dependencies": { "escalade": "^3.2.0", "picocolors": "^1.1.1" }, "peerDependencies": { "browserslist": ">= 4.21.0" }, "bin": "cli.js" }, ""],

    "util-deprecate": ["util-deprecate@1.0.2", "", {}, ""],

    "vite": ["vite@6.4.2", "", { "dependencies": { "esbuild": "^0.25.0", "fdir": "^6.4.4", "picomatch": "^4.0.2", "postcss": "^8.5.3", "rollup": "^4.34.9", "tinyglobby": "^0.2.13" }, "optionalDependencies": { "fsevents": "~2.3.3" }, "peerDependencies": { "@types/node": "^18.0.0 || ^20.0.0 || >=22.0.0", "jiti": ">=1.21.0", "less": "*", "lightningcss": "^1.21.0", "sass": "*", "sass-embedded": "*", "stylus": "*", "sugarss": "*", "terser": "^5.16.0", "tsx": "^4.8.1", "yaml": "^2.4.2" }, "optionalPeers": ["less", "lightningcss", "sass", "sass-embedded", "stylus", "sugarss", "terser", "tsx", "yaml"], "bin": "bin/vite.js" }, ""],

    "vscode-uri": ["vscode-uri@3.1.0", "", {}, ""],

    "vue": ["vue@3.5.34", "", { "dependencies": { "@vue/compiler-dom": "3.5.34", "@vue/compiler-sfc": "3.5.34", "@vue/runtime-dom": "3.5.34", "@vue/server-renderer": "3.5.34", "@vue/shared": "3.5.34" }, "peerDependencies": { "typescript": "*" } }, ""],

    "vue-chartjs": ["vue-chartjs@5.3.3", "", { "peerDependencies": { "chart.js": "^4.1.1", "vue": "^3.0.0-0 || ^2.7.0" } }, ""],

    "vue-demi": ["vue-demi@0.14.10", "", { "peerDependencies": { "@vue/composition-api": "^1.0.0-rc.1", "vue": "^3.0.0-0 || ^2.6.0" }, "optionalPeers": ["@vue/composition-api"], "bin": { "vue-demi-fix": "bin/vue-demi-fix.js", "vue-demi-switch": "bin/vue-demi-switch.js" } }, ""],

    "vue-tsc": ["vue-tsc@2.2.12", "", { "dependencies": { "@volar/typescript": "2.4.15", "@vue/language-core": "2.2.12" }, "peerDependencies": { "typescript": ">=5.0.0" }, "bin": "bin/vue-tsc.js" }, ""],

    "which": ["which@2.0.2", "", { "dependencies": { "isexe": "^2.0.0" }, "bin": { "node-which": "bin/node-which" } }, ""],

    "wrap-ansi": ["wrap-ansi@7.0.0", "", { "dependencies": { "ansi-styles": "^4.0.0", "string-width": "^4.1.0", "strip-ansi": "^6.0.0" } }, ""],

    "xml2js": ["xml2js@0.6.2", "", { "dependencies": { "sax": ">=0.6.0", "xmlbuilder": "~11.0.0" } }, ""],

    "xmlbuilder": ["xmlbuilder@15.1.1", "", {}, ""],

    "yallist": ["yallist@5.0.0", "", {}, ""],

    "yauzl": ["yauzl@2.10.0", "", { "dependencies": { "buffer-crc32": "~0.2.3", "fd-slicer": "~1.1.0" } }, ""],

    "@ionic/utils-fs/fs-extra": ["fs-extra@9.1.0", "", { "dependencies": { "at-least-node": "^1.0.0", "graceful-fs": "^4.2.0", "jsonfile": "^6.0.1", "universalify": "^2.0.0" } }, ""],

    "anymatch/picomatch": ["picomatch@2.3.2", "", {}, ""],

    "chokidar/glob-parent": ["glob-parent@5.1.2", "", { "dependencies": { "is-glob": "^4.0.1" } }, ""],

    "elementtree/sax": ["sax@1.1.4", "", {}, ""],

    "fast-glob/glob-parent": ["glob-parent@5.1.2", "", { "dependencies": { "is-glob": "^4.0.1" } }, ""],

    "glob/minimatch": ["minimatch@10.2.5", "", { "dependencies": { "brace-expansion": "^5.0.5" } }, ""],

    "micromatch/picomatch": ["picomatch@2.3.2", "", {}, ""],

    "prompts/kleur": ["kleur@3.0.3", "", {}, ""],

    "readdirp/picomatch": ["picomatch@2.3.2", "", {}, ""],

    "sucrase/commander": ["commander@4.1.1", "", {}, ""],

    "xml2js/xmlbuilder": ["xmlbuilder@11.0.1", "", {}, ""],

    "glob/minimatch/brace-expansion": ["brace-expansion@5.0.6", "", { "dependencies": { "balanced-match": "^4.0.2" } }, ""],

    "glob/minimatch/brace-expansion/balanced-match": ["balanced-match@4.0.4", "", {}, ""],
  }
}
